
Microsoft Visual Studio Solution File, Format Version 11.00
# Visual Studio 2010
Project("{FAE04EC0-301F-11D3-BF4B-00C04F79EFBC}") = "PropertyChangedTest", "PropertyChangedTest\PropertyChangedTest.csproj", "{35AD9A30-5705-4C30-8CDC-101FC71979F1}"
EndProject
Project("{FAE04EC0-301F-11D3-BF4B-00C04F79EFBC}") = "PropertyChangedTest.Web", "PropertyChangedTest.Web\PropertyChangedTest.Web.csproj", "{5304007E-4AB0-446A-ACA2-DCAA1A287E3D}"
EndProject
Project("{FAE04EC0-301F-11D3-BF4B-00C04F79EFBC}") = "NameService", "NameService\NameService.csproj", "{30C48FF5-2F16-4B74-A8FB-8489BDDD38C4}"
EndProject
Global
	GlobalSection(SolutionConfigurationPlatforms) = preSolution
		Debug|Any CPU = Debug|Any CPU
		Release|Any CPU = Release|Any CPU
	EndGlobalSection
	GlobalSection(ProjectConfigurationPlatforms) = postSolution
		{35AD9A30-5705-4C30-8CDC-101FC71979F1}.Debug|Any CPU.ActiveCfg = Debug|Any CPU
		{35AD9A30-5705-4C30-8CDC-101FC71979F1}.Debug|Any CPU.Build.0 = Debug|Any CPU
		{35AD9A30-5705-4C30-8CDC-101FC71979F1}.Release|Any CPU.ActiveCfg = Release|Any CPU
		{35AD9A30-5705-4C30-8CDC-101FC71979F1}.Release|Any CPU.Build.0 = Release|Any CPU
		{5304007E-4AB0-446A-ACA2-DCAA1A287E3D}.Debug|Any CPU.ActiveCfg = Debug|Any CPU
		{5304007E-4AB0-446A-ACA2-DCAA1A287E3D}.Debug|Any CPU.Build.0 = Debug|Any CPU
		{5304007E-4AB0-446A-ACA2-DCAA1A287E3D}.Release|Any CPU.ActiveCfg = Release|Any CPU
		{5304007E-4AB0-446A-ACA2-DCAA1A287E3D}.Release|Any CPU.Build.0 = Release|Any CPU
		{30C48FF5-2F16-4B74-A8FB-8489BDDD38C4}.Debug|Any CPU.ActiveCfg = Debug|Any CPU
		{30C48FF5-2F16-4B74-A8FB-8489BDDD38C4}.Debug|Any CPU.Build.0 = Debug|Any CPU
		{30C48FF5-2F16-4B74-A8FB-8489BDDD38C4}.Release|Any CPU.ActiveCfg = Release|Any CPU
		{30C48FF5-2F16-4B74-A8FB-8489BDDD38C4}.Release|Any CPU.Build.0 = Release|Any CPU
	EndGlobalSection
	GlobalSection(SolutionProperties) = preSolution
		HideSolutionNode = FALSE
	EndGlobalSection
EndGlobal
